
Microsoft Visual Studio Solution File, Format Version 12.00
# Visual Studio Version 16
VisualStudioVersion = 16.0.29215.179
MinimumVisualStudioVersion = 10.0.40219.1
Project("{FAE04EC0-301F-11D3-BF4B-00C04F79EFBC}") = "Parcial1-AP1", "Parcial1-AP1\Parcial1-AP1.csproj", "{1E459081-6B3F-4A2B-94F2-7E5D372747A6}"
EndProject
Project("{FAE04EC0-301F-11D3-BF4B-00C04F79EFBC}") = "Parcial1-AP1Tests", "Parcial1-AP1Tests\Parcial1-AP1Tests.csproj", "{076DD19C-A7E8-426D-8C19-5D6A488A7B90}"
EndProject
Global
	GlobalSection(SolutionConfigurationPlatforms) = preSolution
		Debug|Any CPU = Debug|Any CPU
		Release|Any CPU = Release|Any CPU
	EndGlobalSection
	GlobalSection(ProjectConfigurationPlatforms) = postSolution
		{1E459081-6B3F-4A2B-94F2-7E5D372747A6}.Debug|Any CPU.ActiveCfg = Debug|Any CPU
		{1E459081-6B3F-4A2B-94F2-7E5D372747A6}.Debug|Any CPU.Build.0 = Debug|Any CPU
		{1E459081-6B3F-4A2B-94F2-7E5D372747A6}.Release|Any CPU.ActiveCfg = Release|Any CPU
		{1E459081-6B3F-4A2B-94F2-7E5D372747A6}.Release|Any CPU.Build.0 = Release|Any CPU
		{076DD19C-A7E8-426D-8C19-5D6A488A7B90}.Debug|Any CPU.ActiveCfg = Debug|Any CPU
		{076DD19C-A7E8-426D-8C19-5D6A488A7B90}.Debug|Any CPU.Build.0 = Debug|Any CPU
		{076DD19C-A7E8-426D-8C19-5D6A488A7B90}.Release|Any CPU.ActiveCfg = Release|Any CPU
		{076DD19C-A7E8-426D-8C19-5D6A488A7B90}.Release|Any CPU.Build.0 = Release|Any CPU
	EndGlobalSection
	GlobalSection(SolutionProperties) = preSolution
		HideSolutionNode = FALSE
	EndGlobalSection
	GlobalSection(ExtensibilityGlobals) = postSolution
		SolutionGuid = {6DB86D8D-31DE-496E-86AC-9EF9F01C3171}
	EndGlobalSection
EndGlobal
